// !$*UTF8*$!
{
	archiveVersion = 1;
	classes = {
	};
	objectVersion = 46;
	objects = {

/* Begin PBXBuildFile section */
		059810531F3453E8006C5947 /* Alamofire.framework in Frameworks */ = {isa = PBXBuildFile; fileRef = 05980FCE1F3453E8006C5947 /* Alamofire.framework */; };
		05C915F11F34511C008F3674 /* AppDelegate.swift in Sources */ = {isa = PBXBuildFile; fileRef = 05C915F01F34511C008F3674 /* AppDelegate.swift */; };
		05C915F31F34511C008F3674 /* ViewController.swift in Sources */ = {isa = PBXBuildFile; fileRef = 05C915F21F34511C008F3674 /* ViewController.swift */; };
		05C915F61F34511C008F3674 /* Main.storyboard in Resources */ = {isa = PBXBuildFile; fileRef = 05C915F41F34511C008F3674 /* Main.storyboard */; };
		05C915F81F34511C008F3674 /* Assets.xcassets in Resources */ = {isa = PBXBuildFile; fileRef = 05C915F71F34511C008F3674 /* Assets.xcassets */; };
		05C915FB1F34511C008F3674 /* LaunchScreen.storyboard in Resources */ = {isa = PBXBuildFile; fileRef = 05C915F91F34511C008F3674 /* LaunchScreen.storyboard */; };
/* End PBXBuildFile section */

/* Begin PBXFileReference section */
		05980FCE1F3453E8006C5947 /* Alamofire.framework */ = {isa = PBXFileReference; lastKnownFileType = wrapper.framework; path = Alamofire.framework; sourceTree = "<group>"; };
		05C915ED1F34511C008F3674 /* Pear.app */ = {isa = PBXFileReference; explicitFileType = wrapper.application; includeInIndex = 0; path = Pear.app; sourceTree = BUILT_PRODUCTS_DIR; };
		05C915F01F34511C008F3674 /* AppDelegate.swift */ = {isa = PBXFileReference; lastKnownFileType = sourcecode.swift; path = AppDelegate.swift; sourceTree = "<group>"; };
		05C915F21F34511C008F3674 /* ViewController.swift */ = {isa = PBXFileReference; lastKnownFileType = sourcecode.swift; path = ViewController.swift; sourceTree = "<group>"; };
		05C915F51F34511C008F3674 /* Base */ = {isa = PBXFileReference; lastKnownFileType = file.storyboard; name = Base; path = Base.lproj/Main.storyboard; sourceTree = "<group>"; };
		05C915F71F34511C008F3674 /* Assets.xcassets */ = {isa = PBXFileReference; lastKnownFileType = folder.assetcatalog; path = Assets.xcassets; sourceTree = "<group>"; };
		05C915FA1F34511C008F3674 /* Base */ = {isa = PBXFileReference; lastKnownFileType = file.storyboard; name = Base; path = Base.lproj/LaunchScreen.storyboard; sourceTree = "<group>"; };
		05C915FC1F34511C008F3674 /* Info.plist */ = {isa = PBXFileReference; lastKnownFileType = text.plist.xml; path = Info.plist; sourceTree = "<group>"; };
/* End PBXFileReference section */

/* Begin PBXFrameworksBuildPhase section */
		05C915EA1F34511C008F3674 /* Frameworks */ = {
			isa = PBXFrameworksBuildPhase;
			buildActionMask = 2147483647;
			files = (
				059810531F3453E8006C5947 /* Alamofire.framework in Frameworks */,
			);
			runOnlyForDeploymentPostprocessing = 0;
		};
/* End PBXFrameworksBuildPhase section */

/* Begin PBXGroup section */
		05980FC81F3453E8006C5947 /* Frameworks */ = {
			isa = PBXGroup;
			children = (
				05980FC91F3453E8006C5947 /* iOS */,
			);
			name = Frameworks;
			path = Carthage;
			sourceTree = "<group>";
		};
		05980FC91F3453E8006C5947 /* iOS */ = {
			isa = PBXGroup;
			children = (
				05980FCB1F3453E8006C5947 /* iOS */,
			);
			name = iOS;
			path = Build;
			sourceTree = "<group>";
		};
		05980FCB1F3453E8006C5947 /* iOS */ = {
			isa = PBXGroup;
			children = (
				05980FCE1F3453E8006C5947 /* Alamofire.framework */,
			);
			path = iOS;
			sourceTree = "<group>";
		};
		05C915E41F34511C008F3674 = {
			isa = PBXGroup;
			children = (
				05980FC81F3453E8006C5947 /* Frameworks */,
				05C915EF1F34511C008F3674 /* Pear */,
				05C915EE1F34511C008F3674 /* Products */,
			);
			sourceTree = "<group>";
		};
		05C915EE1F34511C008F3674 /* Products */ = {
			isa = PBXGroup;
			children = (
				05C915ED1F34511C008F3674 /* Pear.app */,
			);
			name = Products;
			sourceTree = "<group>";
		};
		05C915EF1F34511C008F3674 /* Pear */ = {
			isa = PBXGroup;
			children = (
				05C915F01F34511C008F3674 /* AppDelegate.swift */,
				05C915F21F34511C008F3674 /* ViewController.swift */,
				05C915F41F34511C008F3674 /* Main.storyboard */,
				05C915F71F34511C008F3674 /* Assets.xcassets */,
				05C915F91F34511C008F3674 /* LaunchScreen.storyboard */,
				05C915FC1F34511C008F3674 /* Info.plist */,
			);
			path = Pear;
			sourceTree = "<group>";
		};
/* End PBXGroup section */

/* Begin PBXNativeTarget section */
		05C915EC1F34511C008F3674 /* Pear */ = {
			isa = PBXNativeTarget;
			buildConfigurationList = 05C915FF1F34511C008F3674 /* Build configuration list for PBXNativeTarget "Pear" */;
			buildPhases = (
				05C915E91F34511C008F3674 /* Sources */,
				05C915EA1F34511C008F3674 /* Frameworks */,
				05C915EB1F34511C008F3674 /* Resources */,
				05C916021F345195008F3674 /* Copy Carthage Frameworks */,
			);
			buildRules = (
			);
			dependencies = (
			);
			name = Pear;
			productName = Pear;
			productReference = 05C915ED1F34511C008F3674 /* Pear.app */;
			productType = "com.apple.product-type.application";
		};
/* End PBXNativeTarget section */

/* Begin PBXProject section */
		05C915E51F34511C008F3674 /* Project object */ = {
			isa = PBXProject;
			attributes = {
				LastSwiftUpdateCheck = 0830;
				LastUpgradeCheck = 0830;
				ORGANIZATIONNAME = "Michael Sanders";
				TargetAttributes = {
					05C915EC1F34511C008F3674 = {
						CreatedOnToolsVersion = 8.3.3;
						ProvisioningStyle = Automatic;
					};
				};
			};
			buildConfigurationList = 05C915E81F34511C008F3674 /* Build configuration list for PBXProject "Pear" */;
			compatibilityVersion = "Xcode 3.2";
			developmentRegion = English;
			hasScannedForEncodings = 0;
			knownRegions = (
				en,
				Base,
			);
			mainGroup = 05C915E41F34511C008F3674;
			productRefGroup = 05C915EE1F34511C008F3674 /* Products */;
			projectDirPath = "";
			projectRoot = "";
			targets = (
				05C915EC1F34511C008F3674 /* Pear */,
			);
		};
/* End PBXProject section */

/* Begin PBXResourcesBuildPhase section */
		05C915EB1F34511C008F3674 /* Resources */ = {
			isa = PBXResourcesBuildPhase;
			buildActionMask = 2147483647;
			files = (
				05C915FB1F34511C008F3674 /* LaunchScreen.storyboard in Resources */,
				05C915F81F34511C008F3674 /* Assets.xcassets in Resources */,
				05C915F61F34511C008F3674 /* Main.storyboard in Resources */,
			);
			runOnlyForDeploymentPostprocessing = 0;
		};
/* End PBXResourcesBuildPhase section */

/* Begin PBXShellScriptBuildPhase section */
		05C916021F345195008F3674 /* Copy Carthage Frameworks */ = {
			isa = PBXShellScriptBuildPhase;
			buildActionMask = 2147483647;
			files = (
			);
			inputPaths = (
				"$(SRCROOT)/Carthage/Build/iOS/Alamofire.framework",
			);
			name = "Copy Carthage Frameworks";
			outputPaths = (
			);
			runOnlyForDeploymentPostprocessing = 0;
			shellPath = /bin/sh;
			shellScript = "/usr/local/bin/carthage copy-frameworks";
		};
/* End PBXShellScriptBuildPhase section */

/* Begin PBXSourcesBuildPhase section */
		05C915E91F34511C008F3674 /* Sources */ = {
			isa = PBXSourcesBuildPhase;
			buildActionMask = 2147483647;
			files = (
				05C915F31F34511C008F3674 /* ViewController.swift in Sources */,
				05C915F11F34511C008F3674 /* AppDelegate.swift in Sources */,
			);
			runOnlyForDeploymentPostprocessing = 0;
		};
/* End PBXSourcesBuildPhase section */

/* Begin PBXVariantGroup section */
		05C915F41F34511C008F3674 /* Main.storyboard */ = {
			isa = PBXVariantGroup;
			children = (
				05C915F51F34511C008F3674 /* Base */,
			);
			name = Main.storyboard;
			sourceTree = "<group>";
		};
		05C915F91F34511C008F3674 /* LaunchScreen.storyboard */ = {
			isa = PBXVariantGroup;
			children = (
				05C915FA1F34511C008F3674 /* Base */,
			);
			name = LaunchScreen.storyboard;
			sourceTree = "<group>";
		};
/* End PBXVariantGroup section */

/* Begin XCBuildConfiguration section */
		05C915FD1F34511C008F3674 /* Debug */ = {
			isa = XCBuildConfiguration;
			buildSettings = {
				ALWAYS_SEARCH_USER_PATHS = NO;
				CLANG_ANALYZER_NONNULL = YES;
				CLANG_ANALYZER_NUMBER_OBJECT_CONVERSION = YES_AGGRESSIVE;
				CLANG_CXX_LANGUAGE_STANDARD = "gnu++0x";
				CLANG_CXX_LIBRARY = "libc++";
				CLANG_ENABLE_MODULES = YES;
				CLANG_ENABLE_OBJC_ARC = YES;
				CLANG_WARN_BOOL_CONVERSION = YES;
				CLANG_WARN_CONSTANT_CONVERSION = YES;
				CLANG_WARN_DIRECT_OBJC_ISA_USAGE = YES_ERROR;
				CLANG_WARN_DOCUMENTATION_COMMENTS = YES;
				CLANG_WARN_EMPTY_BODY = YES;
				CLANG_WARN_ENUM_CONVERSION = YES;
				CLANG_WARN_INFINITE_RECURSION = YES;
				CLANG_WARN_INT_CONVERSION = YES;
				CLANG_WARN_OBJC_ROOT_CLASS = YES_ERROR;
				CLANG_WARN_SUSPICIOUS_MOVE = YES;
				CLANG_WARN_UNREACHABLE_CODE = YES;
				CLANG_WARN__DUPLICATE_METHOD_MATCH = YES;
				"CODE_SIGN_IDENTITY[sdk=iphoneos*]" = "iPhone Developer";
				COPY_PHASE_STRIP = NO;
				DEBUG_INFORMATION_FORMAT = dwarf;
				ENABLE_STRICT_OBJC_MSGSEND = YES;
				ENABLE_TESTABILITY = YES;
				GCC_C_LANGUAGE_STANDARD = gnu99;
				GCC_DYNAMIC_NO_PIC = NO;
				GCC_NO_COMMON_BLOCKS = YES;
				GCC_OPTIMIZATION_LEVEL = 0;
				GCC_PREPROCESSOR_DEFINITIONS = (
					"DEBUG=1",
					"$(inherited)",
				);
				GCC_WARN_64_TO_32_BIT_CONVERSION = YES;
				GCC_WARN_ABOUT_RETURN_TYPE = YES_ERROR;
				GCC_WARN_UNDECLARED_SELECTOR = YES;
				GCC_WARN_UNINITIALIZED_AUTOS = YES_AGGRESSIVE;
				GCC_WARN_UNUSED_FUNCTION = YES;
				GCC_WARN_UNUSED_VARIABLE = YES;
				IPHONEOS_DEPLOYMENT_TARGET = 10.3;
				MTL_ENABLE_DEBUG_INFO = YES;
				ONLY_ACTIVE_ARCH = YES;
				SDKROOT = iphoneos;
				SWIFT_ACTIVE_COMPILATION_CONDITIONS = DEBUG;
				SWIFT_OPTIMIZATION_LEVEL = "-Onone";
			};
			name = Debug;
		};
		05C915FE1F34511C008F3674 /* Release */ = {
			isa = XCBuildConfiguration;
			buildSettings = {
				ALWAYS_SEARCH_USER_PATHS = NO;
				CLANG_ANALYZER_NONNULL = YES;
				CLANG_ANALYZER_NUMBER_OBJECT_CONVERSION = YES_AGGRESSIVE;
				CLANG_CXX_LANGUAGE_STANDARD = "gnu++0x";
				CLANG_CXX_LIBRARY = "libc++";
				CLANG_ENABLE_MODULES = YES;
				CLANG_ENABLE_OBJC_ARC = YES;
				CLANG_WARN_BOOL_CONVERSION = YES;
				CLANG_WARN_CONSTANT_CONVERSION = YES;
				CLANG_WARN_DIRECT_OBJC_ISA_USAGE = YES_ERROR;
				CLANG_WARN_DOCUMENTATION_COMMENTS = YES;
				CLANG_WARN_EMPTY_BODY = YES;
				CLANG_WARN_ENUM_CONVERSION = YES;
				CLANG_WARN_INFINITE_RECURSION = YES;
				CLANG_WARN_INT_CONVERSION = YES;
				CLANG_WARN_OBJC_ROOT_CLASS = YES_ERROR;
				CLANG_WARN_SUSPICIOUS_MOVE = YES;
				CLANG_WARN_UNREACHABLE_CODE = YES;
				CLANG_WARN__DUPLICATE_METHOD_MATCH = YES;
				"CODE_SIGN_IDENTITY[sdk=iphoneos*]" = "iPhone Developer";
				COPY_PHASE_STRIP = NO;
				DEBUG_INFORMATION_FORMAT = "dwarf-with-dsym";
				ENABLE_NS_ASSERTIONS = NO;
				ENABLE_STRICT_OBJC_MSGSEND = YES;
				GCC_C_LANGUAGE_STANDARD = gnu99;
				GCC_NO_COMMON_BLOCKS = YES;
				GCC_WARN_64_TO_32_BIT_CONVERSION = YES;
				GCC_WARN_ABOUT_RETURN_TYPE = YES_ERROR;
				GCC_WARN_UNDECLARED_SELECTOR = YES;
				GCC_WARN_UNINITIALIZED_AUTOS = YES_AGGRESSIVE;
				GCC_WARN_UNUSED_FUNCTION = YES;
				GCC_WARN_UNUSED_VARIABLE = YES;
				IPHONEOS_DEPLOYMENT_TARGET = 10.3;
				MTL_ENABLE_DEBUG_INFO = NO;
				SDKROOT = iphoneos;
				SWIFT_OPTIMIZATION_LEVEL = "-Owholemodule";
				VALIDATE_PRODUCT = YES;
			};
			name = Release;
		};
		05C916001F34511C008F3674 /* Debug */ = {
			isa = XCBuildConfiguration;
			buildSettings = {
				ASSETCATALOG_COMPILER_APPICON_NAME = AppIcon;
				FRAMEWORK_SEARCH_PATHS = (
					"$(PROJECT_DIR)/Carthage/Build/iOS",
					"$(PROJECT_DIR)/Carthage/Checkouts/Alamofire/Carthage/Build/iOS",
				);
				INFOPLIST_FILE = Pear/Info.plist;
				LD_RUNPATH_SEARCH_PATHS = "$(inherited) @executable_path/Frameworks";
				PRODUCT_BUNDLE_IDENTIFIER = com.instacart.Pear;
				PRODUCT_NAME = "$(TARGET_NAME)";
				SWIFT_VERSION = 3.0;
			};
			name = Debug;
		};
		05C916011F34511C008F3674 /* Release */ = {
			isa = XCBuildConfiguration;
			buildSettings = {
				ASSETCATALOG_COMPILER_APPICON_NAME = AppIcon;
				FRAMEWORK_SEARCH_PATHS = (
					"$(PROJECT_DIR)/Carthage/Build/iOS",
					"$(PROJECT_DIR)/Carthage/Checkouts/Alamofire/Carthage/Build/iOS",
				);
				INFOPLIST_FILE = Pear/Info.plist;
				LD_RUNPATH_SEARCH_PATHS = "$(inherited) @executable_path/Frameworks";
				PRODUCT_BUNDLE_IDENTIFIER = com.instacart.Pear;
				PRODUCT_NAME = "$(TARGET_NAME)";
				SWIFT_VERSION = 3.0;
			};
			name = Release;
		};
/* End XCBuildConfiguration section */

/* Begin XCConfigurationList section */
		05C915E81F34511C008F3674 /* Build configuration list for PBXProject "Pear" */ = {
			isa = XCConfigurationList;
			buildConfigurations = (
				05C915FD1F34511C008F3674 /* Debug */,
				05C915FE1F34511C008F3674 /* Release */,
			);
			defaultConfigurationIsVisible = 0;
			defaultConfigurationName = Release;
		};
		05C915FF1F34511C008F3674 /* Build configuration list for PBXNativeTarget "Pear" */ = {
			isa = XCConfigurationList;
			buildConfigurations = (
				05C916001F34511C008F3674 /* Debug */,
				05C916011F34511C008F3674 /* Release */,
			);
			defaultConfigurationIsVisible = 0;
			defaultConfigurationName = Release;
		};
/* End XCConfigurationList section */
	};
	rootObject = 05C915E51F34511C008F3674 /* Project object */;
}
